{
    "_readme": [
        "This file locks the dependencies of your project to a known state",
        "Read more about it at https://getcomposer.org/doc/01-basic-usage.md#installing-dependencies",
        "This file is @generated automatically"
    ],
    "content-hash": "684c91348b3f0735081264872dbf8044",
    "packages": [
        {
            "name": "awesomemotive/wp-content-importer-v2",
            "version": "v3.0.3",
            "source": {
                "type": "git",
                "url": "https://github.com/awesomemotive/WordPress-Importer.git",
                "reference": "318c7657f4a4a84cf9e5a0d7f8d6ee2b2d0d0e9e"
            },
            "dist": {
                "type": "zip",
                "url": "https://api.github.com/repos/awesomemotive/WordPress-Importer/zipball/318c7657f4a4a84cf9e5a0d7f8d6ee2b2d0d0e9e",
                "reference": "318c7657f4a4a84cf9e5a0d7f8d6ee2b2d0d0e9e",
                "shasum": ""
            },
            "type": "library",
            "autoload": {
                "psr-4": {
                    "AwesomeMotive\\WPContentImporter2\\": "src/"
                }
            },
            "license": [
                "GPL-2.0+"
            ],
            "authors": [
                {
                    "name": "Gregor Capuder",
                    "email": "capuderg@gmail.com"
                },
                {
                    "name": "Primoz Cigler",
                    "email": "primoz@proteusnet.com"
                },
                {
                    "name": "Humanmade contributors",
                    "homepage": "https://github.com/humanmade/WordPress-Importer/graphs/contributors"
                }
            ],
            "description": "Improved WP content importer used in OCDI plugin.",
            "keywords": [
                "awesomemotive",
                "content",
                "import",
                "theme",
                "wordpress",
                "wp"
            ],
            "support": {
                "source": "https://github.com/awesomemotive/WordPress-Importer/tree/v3.0.3"
            },
            "time": "2020-07-21T15:06:58+00:00"
        }
    ],
    "packages-dev": [],
    "aliases": [],
    "minimum-stability": "stable",
    "stability-flags": [],
    "prefer-stable": false,
    "prefer-lowest": false,
    "platform": [],
    "platform-dev": [],
    "plugin-api-version": "1.1.0"
}
