{
    "_readme": [
        "This file locks the dependencies of your project to a known state",
        "Read more about it at https://getcomposer.org/doc/01-basic-usage.md#composer-lock-the-lock-file",
        "This file is @generated automatically"
    ],
    "hash": "984b6827d843e18ec40f36fbf86431fb",
    "content-hash": "1ec01c4efbb4369910d945b92d76651f",
    "packages": [
        {
            "name": "humanmade/WordPress-Importer",
            "version": "dev-master",
            "dist": {
                "type": "zip",
                "url": "https://github.com/humanmade/WordPress-Importer/archive/master.zip",
                "reference": null,
                "shasum": null
            },
            "type": "library"
        }
    ],
    "packages-dev": [],
    "aliases": [],
    "minimum-stability": "stable",
    "stability-flags": {
        "humanmade/wordpress-importer": 20
    },
    "prefer-stable": false,
    "prefer-lowest": false,
    "platform": [],
    "platform-dev": []
}
