{
    "_readme": [
        "This file locks the dependencies of your project to a known state",
        "Read more about it at https://getcomposer.org/doc/01-basic-usage.md#composer-lock-the-lock-file",
        "This file is @generated automatically"
    ],
    "hash": "c0c357ffcc12c33407ad5123c2ca4d89",
    "content-hash": "a78aa517ad58b0bb57e24bafcf57cbe1",
    "packages": [
        {
            "name": "proteusthemes/WordPress-Importer",
            "version": "dev-master",
            "dist": {
                "type": "zip",
                "url": "https://github.com/proteusthemes/WordPress-Importer/archive/master.zip",
                "reference": null,
                "shasum": null
            },
            "type": "library"
        }
    ],
    "packages-dev": [],
    "aliases": [],
    "minimum-stability": "stable",
    "stability-flags": {
        "proteusthemes/wordpress-importer": 20
    },
    "prefer-stable": false,
    "prefer-lowest": false,
    "platform": [],
    "platform-dev": []
}
